PODS:
  - Alamofire (5.4.0)
  - DTModelStorage (8.1.0):
    - DTModelStorage/Core (= 8.1.0)
  - DTModelStorage/Core (8.1.0)
  - DTTableViewManager (7.2.0):
    - DTModelStorage (~> 8.1.0)
  - Kingfisher (5.15.8):
    - Kingfisher/Core (= 5.15.8)
  - Kingfisher/Core (5.15.8)
  - RxCocoa (6.0.0-rc.2):
    - RxRelay (= 6.0.0-rc.2)
    - RxSwift (= 6.0.0-rc.2)
  - RxRelay (6.0.0-rc.2):
    - RxSwift (= 6.0.0-rc.2)
  - RxSwift (6.0.0-rc.2)
  - SnapKit (5.0.1)
  - SwiftGen (6.4.0)

DEPENDENCIES:
  - Alamofire (~> 5.2)
  - DTTableViewManager (~> 7.2.0)
  - Kingfisher (~> 5.0)
  - RxCocoa (= 6.0.0-rc.2)
  - RxSwift (= 6.0.0-rc.2)
  - SnapKit (~> 5.0.0)
  - SwiftGen (~> 6.0)

SPEC REPOS:
  trunk:
    - Alamofire
    - DTModelStorage
    - DTTableViewManager
    - Kingfisher
    - RxCocoa
    - RxRelay
    - RxSwift
    - SnapKit
    - SwiftGen

SPEC CHECKSUMS:
  Alamofire: 3b6a534a3df22db367e4dedeeca73d1ddfcf0e2f
  DTModelStorage: 4d95b242464719155d5068eebb881d96c707a415
  DTTableViewManager: 67c48a338dfe7a5d1aa54f2bd6116fce22063909
  Kingfisher: a3c03d702433fa6cfedabb2bddbe076fb8f2e902
  RxCocoa: 38445a25751be5907f52f7ea02c137f52ce2e7f2
  RxRelay: b9e2483e83f46e4e7bf1234c6fe418e5c2eaf825
  RxSwift: ada35be6643bedf6881cdbd6bbfb27aeea527670
  SnapKit: 97b92857e3df3a0c71833cce143274bf6ef8e5eb
  SwiftGen: 67860cc7c3cfc2ed25b9b74cfd55495fc89f9108

PODFILE CHECKSUM: e51a3adfef39dd23296046fb50a793d55497c819

COCOAPODS: 1.10.0
